// !$*UTF8*$!
{
	archiveVersion = 1;
	classes = {
	};
	objectVersion = 56;
	objects = {

/* Begin PBXBuildFile section */
		CE3BEAA72AE2FC9500D4320E /* ProjetoQRCodeApp.swift in Sources */ = {isa = PBXBuildFile; fileRef = CE3BEAA62AE2FC9500D4320E /* ProjetoQRCodeApp.swift */; };
		CE3BEAA92AE2FC9500D4320E /* ContentView.swift in Sources */ = {isa = PBXBuildFile; fileRef = CE3BEAA82AE2FC9500D4320E /* ContentView.swift */; };
		CE3BEAAB2AE2FC9600D4320E /* Assets.xcassets in Resources */ = {isa = PBXBuildFile; fileRef = CE3BEAAA2AE2FC9600D4320E /* Assets.xcassets */; };
		CE3BEAAE2AE2FC9600D4320E /* Preview Assets.xcassets in Resources */ = {isa = PBXBuildFile; fileRef = CE3BEAAD2AE2FC9600D4320E /* Preview Assets.xcassets */; };
		CE3BEAB52AE2FDFD00D4320E /* InitialScreen.swift in Sources */ = {isa = PBXBuildFile; fileRef = CE3BEAB42AE2FDFD00D4320E /* InitialScreen.swift */; };
		CEC10AC12B0E8F9500822307 /* EditarCardapioView.swift in Sources */ = {isa = PBXBuildFile; fileRef = CEC10AC02B0E8F9500822307 /* EditarCardapioView.swift */; };
/* End PBXBuildFile section */

/* Begin PBXFileReference section */
		CE3BEAA32AE2FC9500D4320E /* ProjetoQRCode.app */ = {isa = PBXFileReference; explicitFileType = wrapper.application; includeInIndex = 0; path = ProjetoQRCode.app; sourceTree = BUILT_PRODUCTS_DIR; };
		CE3BEAA62AE2FC9500D4320E /* ProjetoQRCodeApp.swift */ = {isa = PBXFileReference; lastKnownFileType = sourcecode.swift; path = ProjetoQRCodeApp.swift; sourceTree = "<group>"; };
		CE3BEAA82AE2FC9500D4320E /* ContentView.swift */ = {isa = PBXFileReference; lastKnownFileType = sourcecode.swift; path = ContentView.swift; sourceTree = "<group>"; };
		CE3BEAAA2AE2FC9600D4320E /* Assets.xcassets */ = {isa = PBXFileReference; lastKnownFileType = folder.assetcatalog; path = Assets.xcassets; sourceTree = "<group>"; };
		CE3BEAAD2AE2FC9600D4320E /* Preview Assets.xcassets */ = {isa = PBXFileReference; lastKnownFileType = folder.assetcatalog; path = "Preview Assets.xcassets"; sourceTree = "<group>"; };
		CE3BEAB42AE2FDFD00D4320E /* InitialScreen.swift */ = {isa = PBXFileReference; lastKnownFileType = sourcecode.swift; path = InitialScreen.swift; sourceTree = "<group>"; };
		CEC10AC02B0E8F9500822307 /* EditarCardapioView.swift */ = {isa = PBXFileReference; lastKnownFileType = sourcecode.swift; path = EditarCardapioView.swift; sourceTree = "<group>"; };
/* End PBXFileReference section */

/* Begin PBXFrameworksBuildPhase section */
		CE3BEAA02AE2FC9500D4320E /* Frameworks */ = {
			isa = PBXFrameworksBuildPhase;
			buildActionMask = 2147483647;
			files = (
			);
			runOnlyForDeploymentPostprocessing = 0;
		};
/* End PBXFrameworksBuildPhase section */

/* Begin PBXGroup section */
		CE3BEA9A2AE2FC9500D4320E = {
			isa = PBXGroup;
			children = (
				CE3BEAB62AE2FE0300D4320E /* Views */,
				CE3BEAA52AE2FC9500D4320E /* ProjetoQRCode */,
				CE3BEAA42AE2FC9500D4320E /* Products */,
			);
			sourceTree = "<group>";
		};
		CE3BEAA42AE2FC9500D4320E /* Products */ = {
			isa = PBXGroup;
			children = (
				CE3BEAA32AE2FC9500D4320E /* ProjetoQRCode.app */,
			);
			name = Products;
			sourceTree = "<group>";
		};
		CE3BEAA52AE2FC9500D4320E /* ProjetoQRCode */ = {
			isa = PBXGroup;
			children = (
				CE3BEAA62AE2FC9500D4320E /* ProjetoQRCodeApp.swift */,
				CE3BEAAA2AE2FC9600D4320E /* Assets.xcassets */,
				CE3BEAAC2AE2FC9600D4320E /* Preview Content */,
			);
			path = ProjetoQRCode;
			sourceTree = "<group>";
		};
		CE3BEAAC2AE2FC9600D4320E /* Preview Content */ = {
			isa = PBXGroup;
			children = (
				CE3BEAAD2AE2FC9600D4320E /* Preview Assets.xcassets */,
			);
			path = "Preview Content";
			sourceTree = "<group>";
		};
		CE3BEAB62AE2FE0300D4320E /* Views */ = {
			isa = PBXGroup;
			children = (
				CE3BEAA82AE2FC9500D4320E /* ContentView.swift */,
				CE3BEAB42AE2FDFD00D4320E /* InitialScreen.swift */,
				CEC10AC02B0E8F9500822307 /* EditarCardapioView.swift */,
			);
			path = Views;
			sourceTree = "<group>";
		};
/* End PBXGroup section */

/* Begin PBXNativeTarget section */
		CE3BEAA22AE2FC9500D4320E /* ProjetoQRCode */ = {
			isa = PBXNativeTarget;
			buildConfigurationList = CE3BEAB12AE2FC9600D4320E /* Build configuration list for PBXNativeTarget "ProjetoQRCode" */;
			buildPhases = (
				CE3BEA9F2AE2FC9500D4320E /* Sources */,
				CE3BEAA02AE2FC9500D4320E /* Frameworks */,
				CE3BEAA12AE2FC9500D4320E /* Resources */,
			);
			buildRules = (
			);
			dependencies = (
			);
			name = ProjetoQRCode;
			productName = ProjetoQRCode;
			productReference = CE3BEAA32AE2FC9500D4320E /* ProjetoQRCode.app */;
			productType = "com.apple.product-type.application";
		};
/* End PBXNativeTarget section */

/* Begin PBXProject section */
		CE3BEA9B2AE2FC9500D4320E /* Project object */ = {
			isa = PBXProject;
			attributes = {
				BuildIndependentTargetsInParallel = 1;
				LastSwiftUpdateCheck = 1430;
				LastUpgradeCheck = 1430;
				TargetAttributes = {
					CE3BEAA22AE2FC9500D4320E = {
						CreatedOnToolsVersion = 14.3.1;
					};
				};
			};
			buildConfigurationList = CE3BEA9E2AE2FC9500D4320E /* Build configuration list for PBXProject "ProjetoQRCode" */;
			compatibilityVersion = "Xcode 14.0";
			developmentRegion = en;
			hasScannedForEncodings = 0;
			knownRegions = (
				en,
				Base,
			);
			mainGroup = CE3BEA9A2AE2FC9500D4320E;
			productRefGroup = CE3BEAA42AE2FC9500D4320E /* Products */;
			projectDirPath = "";
			projectRoot = "";
			targets = (
				CE3BEAA22AE2FC9500D4320E /* ProjetoQRCode */,
			);
		};
/* End PBXProject section */

/* Begin PBXResourcesBuildPhase section */
		CE3BEAA12AE2FC9500D4320E /* Resources */ = {
			isa = PBXResourcesBuildPhase;
			buildActionMask = 2147483647;
			files = (
				CE3BEAAE2AE2FC9600D4320E /* Preview Assets.xcassets in Resources */,
				CE3BEAAB2AE2FC9600D4320E /* Assets.xcassets in Resources */,
			);
			runOnlyForDeploymentPostprocessing = 0;
		};
/* End PBXResourcesBuildPhase section */

/* Begin PBXSourcesBuildPhase section */
		CE3BEA9F2AE2FC9500D4320E /* Sources */ = {
			isa = PBXSourcesBuildPhase;
			buildActionMask = 2147483647;
			files = (
				CE3BEAB52AE2FDFD00D4320E /* InitialScreen.swift in Sources */,
				CE3BEAA92AE2FC9500D4320E /* ContentView.swift in Sources */,
				CE3BEAA72AE2FC9500D4320E /* ProjetoQRCodeApp.swift in Sources */,
				CEC10AC12B0E8F9500822307 /* EditarCardapioView.swift in Sources */,
			);
			runOnlyForDeploymentPostprocessing = 0;
		};
/* End PBXSourcesBuildPhase section */

/* Begin XCBuildConfiguration section */
		CE3BEAAF2AE2FC9600D4320E /* Debug */ = {
			isa = XCBuildConfiguration;
			buildSettings = {
				ALWAYS_SEARCH_USER_PATHS = NO;
				CLANG_ANALYZER_NONNULL = YES;
				CLANG_ANALYZER_NUMBER_OBJECT_CONVERSION = YES_AGGRESSIVE;
				CLANG_CXX_LANGUAGE_STANDARD = "gnu++20";
				CLANG_ENABLE_MODULES = YES;
				CLANG_ENABLE_OBJC_ARC = YES;
				CLANG_ENABLE_OBJC_WEAK = YES;
				CLANG_WARN_BLOCK_CAPTURE_AUTORELEASING = YES;
				CLANG_WARN_BOOL_CONVERSION = YES;
				CLANG_WARN_COMMA = YES;
				CLANG_WARN_CONSTANT_CONVERSION = YES;
				CLANG_WARN_DEPRECATED_OBJC_IMPLEMENTATIONS = YES;
				CLANG_WARN_DIRECT_OBJC_ISA_USAGE = YES_ERROR;
				CLANG_WARN_DOCUMENTATION_COMMENTS = YES;
				CLANG_WARN_EMPTY_BODY = YES;
				CLANG_WARN_ENUM_CONVERSION = YES;
				CLANG_WARN_INFINITE_RECURSION = YES;
				CLANG_WARN_INT_CONVERSION = YES;
				CLANG_WARN_NON_LITERAL_NULL_CONVERSION = YES;
				CLANG_WARN_OBJC_IMPLICIT_RETAIN_SELF = YES;
				CLANG_WARN_OBJC_LITERAL_CONVERSION = YES;
				CLANG_WARN_OBJC_ROOT_CLASS = YES_ERROR;
				CLANG_WARN_QUOTED_INCLUDE_IN_FRAMEWORK_HEADER = YES;
				CLANG_WARN_RANGE_LOOP_ANALYSIS = YES;
				CLANG_WARN_STRICT_PROTOTYPES = YES;
				CLANG_WARN_SUSPICIOUS_MOVE = YES;
				CLANG_WARN_UNGUARDED_AVAILABILITY = YES_AGGRESSIVE;
				CLANG_WARN_UNREACHABLE_CODE = YES;
				CLANG_WARN__DUPLICATE_METHOD_MATCH = YES;
				COPY_PHASE_STRIP = NO;
				DEBUG_INFORMATION_FORMAT = dwarf;
				ENABLE_STRICT_OBJC_MSGSEND = YES;
				ENABLE_TESTABILITY = YES;
				GCC_C_LANGUAGE_STANDARD = gnu11;
				GCC_DYNAMIC_NO_PIC = NO;
				GCC_NO_COMMON_BLOCKS = YES;
				GCC_OPTIMIZATION_LEVEL = 0;
				GCC_PREPROCESSOR_DEFINITIONS = (
					"DEBUG=1",
					"$(inherited)",
				);
				GCC_WARN_64_TO_32_BIT_CONVERSION = YES;
				GCC_WARN_ABOUT_RETURN_TYPE = YES_ERROR;
				GCC_WARN_UNDECLARED_SELECTOR = YES;
				GCC_WARN_UNINITIALIZED_AUTOS = YES_AGGRESSIVE;
				GCC_WARN_UNUSED_FUNCTION = YES;
				GCC_WARN_UNUSED_VARIABLE = YES;
				IPHONEOS_DEPLOYMENT_TARGET = 16.4;
				MTL_ENABLE_DEBUG_INFO = INCLUDE_SOURCE;
				MTL_FAST_MATH = YES;
				ONLY_ACTIVE_ARCH = YES;
				SDKROOT = iphoneos;
				SWIFT_ACTIVE_COMPILATION_CONDITIONS = DEBUG;
				SWIFT_OPTIMIZATION_LEVEL = "-Onone";
			};
			name = Debug;
		};
		CE3BEAB02AE2FC9600D4320E /* Release */ = {
			isa = XCBuildConfiguration;
			buildSettings = {
				ALWAYS_SEARCH_USER_PATHS = NO;
				CLANG_ANALYZER_NONNULL = YES;
				CLANG_ANALYZER_NUMBER_OBJECT_CONVERSION = YES_AGGRESSIVE;
				CLANG_CXX_LANGUAGE_STANDARD = "gnu++20";
				CLANG_ENABLE_MODULES = YES;
				CLANG_ENABLE_OBJC_ARC = YES;
				CLANG_ENABLE_OBJC_WEAK = YES;
				CLANG_WARN_BLOCK_CAPTURE_AUTORELEASING = YES;
				CLANG_WARN_BOOL_CONVERSION = YES;
				CLANG_WARN_COMMA = YES;
				CLANG_WARN_CONSTANT_CONVERSION = YES;
				CLANG_WARN_DEPRECATED_OBJC_IMPLEMENTATIONS = YES;
				CLANG_WARN_DIRECT_OBJC_ISA_USAGE = YES_ERROR;
				CLANG_WARN_DOCUMENTATION_COMMENTS = YES;
				CLANG_WARN_EMPTY_BODY = YES;
				CLANG_WARN_ENUM_CONVERSION = YES;
				CLANG_WARN_INFINITE_RECURSION = YES;
				CLANG_WARN_INT_CONVERSION = YES;
				CLANG_WARN_NON_LITERAL_NULL_CONVERSION = YES;
				CLANG_WARN_OBJC_IMPLICIT_RETAIN_SELF = YES;
				CLANG_WARN_OBJC_LITERAL_CONVERSION = YES;
				CLANG_WARN_OBJC_ROOT_CLASS = YES_ERROR;
				CLANG_WARN_QUOTED_INCLUDE_IN_FRAMEWORK_HEADER = YES;
				CLANG_WARN_RANGE_LOOP_ANALYSIS = YES;
				CLANG_WARN_STRICT_PROTOTYPES = YES;
				CLANG_WARN_SUSPICIOUS_MOVE = YES;
				CLANG_WARN_UNGUARDED_AVAILABILITY = YES_AGGRESSIVE;
				CLANG_WARN_UNREACHABLE_CODE = YES;
				CLANG_WARN__DUPLICATE_METHOD_MATCH = YES;
				COPY_PHASE_STRIP = NO;
				DEBUG_INFORMATION_FORMAT = "dwarf-with-dsym";
				ENABLE_NS_ASSERTIONS = NO;
				ENABLE_STRICT_OBJC_MSGSEND = YES;
				GCC_C_LANGUAGE_STANDARD = gnu11;
				GCC_NO_COMMON_BLOCKS = YES;
				GCC_WARN_64_TO_32_BIT_CONVERSION = YES;
				GCC_WARN_ABOUT_RETURN_TYPE = YES_ERROR;
				GCC_WARN_UNDECLARED_SELECTOR = YES;
				GCC_WARN_UNINITIALIZED_AUTOS = YES_AGGRESSIVE;
				GCC_WARN_UNUSED_FUNCTION = YES;
				GCC_WARN_UNUSED_VARIABLE = YES;
				IPHONEOS_DEPLOYMENT_TARGET = 16.4;
				MTL_ENABLE_DEBUG_INFO = NO;
				MTL_FAST_MATH = YES;
				SDKROOT = iphoneos;
				SWIFT_COMPILATION_MODE = wholemodule;
				SWIFT_OPTIMIZATION_LEVEL = "-O";
				VALIDATE_PRODUCT = YES;
			};
			name = Release;
		};
		CE3BEAB22AE2FC9600D4320E /* Debug */ = {
			isa = XCBuildConfiguration;
			buildSettings = {
				ASSETCATALOG_COMPILER_APPICON_NAME = AppIcon;
				ASSETCATALOG_COMPILER_GLOBAL_ACCENT_COLOR_NAME = AccentColor;
				CODE_SIGN_STYLE = Automatic;
				CURRENT_PROJECT_VERSION = 1;
				DEVELOPMENT_ASSET_PATHS = "\"ProjetoQRCode/Preview Content\"";
				ENABLE_PREVIEWS = YES;
				GENERATE_INFOPLIST_FILE = YES;
				INFOPLIST_KEY_UIApplicationSceneManifest_Generation = YES;
				INFOPLIST_KEY_UIApplicationSupportsIndirectInputEvents = YES;
				INFOPLIST_KEY_UILaunchScreen_Generation = YES;
				INFOPLIST_KEY_UISupportedInterfaceOrientations_iPad = "UIInterfaceOrientationPortrait UIInterfaceOrientationPortraitUpsideDown UIInterfaceOrientationLandscapeLeft UIInterfaceOrientationLandscapeRight";
				INFOPLIST_KEY_UISupportedInterfaceOrientations_iPhone = "UIInterfaceOrientationPortrait UIInterfaceOrientationLandscapeLeft UIInterfaceOrientationLandscapeRight";
				LD_RUNPATH_SEARCH_PATHS = (
					"$(inherited)",
					"@executable_path/Frameworks",
				);
				MARKETING_VERSION = 1.0;
				PRODUCT_BUNDLE_IDENTIFIER = Freitas.ifce.ProjetoQRCode;
				PRODUCT_NAME = "$(TARGET_NAME)";
				SWIFT_EMIT_LOC_STRINGS = YES;
				SWIFT_VERSION = 5.0;
				TARGETED_DEVICE_FAMILY = "1,2";
			};
			name = Debug;
		};
		CE3BEAB32AE2FC9600D4320E /* Release */ = {
			isa = XCBuildConfiguration;
			buildSettings = {
				ASSETCATALOG_COMPILER_APPICON_NAME = AppIcon;
				ASSETCATALOG_COMPILER_GLOBAL_ACCENT_COLOR_NAME = AccentColor;
				CODE_SIGN_STYLE = Automatic;
				CURRENT_PROJECT_VERSION = 1;
				DEVELOPMENT_ASSET_PATHS = "\"ProjetoQRCode/Preview Content\"";
				ENABLE_PREVIEWS = YES;
				GENERATE_INFOPLIST_FILE = YES;
				INFOPLIST_KEY_UIApplicationSceneManifest_Generation = YES;
				INFOPLIST_KEY_UIApplicationSupportsIndirectInputEvents = YES;
				INFOPLIST_KEY_UILaunchScreen_Generation = YES;
				INFOPLIST_KEY_UISupportedInterfaceOrientations_iPad = "UIInterfaceOrientationPortrait UIInterfaceOrientationPortraitUpsideDown UIInterfaceOrientationLandscapeLeft UIInterfaceOrientationLandscapeRight";
				INFOPLIST_KEY_UISupportedInterfaceOrientations_iPhone = "UIInterfaceOrientationPortrait UIInterfaceOrientationLandscapeLeft UIInterfaceOrientationLandscapeRight";
				LD_RUNPATH_SEARCH_PATHS = (
					"$(inherited)",
					"@executable_path/Frameworks",
				);
				MARKETING_VERSION = 1.0;
				PRODUCT_BUNDLE_IDENTIFIER = Freitas.ifce.ProjetoQRCode;
				PRODUCT_NAME = "$(TARGET_NAME)";
				SWIFT_EMIT_LOC_STRINGS = YES;
				SWIFT_VERSION = 5.0;
				TARGETED_DEVICE_FAMILY = "1,2";
			};
			name = Release;
		};
/* End XCBuildConfiguration section */

/* Begin XCConfigurationList section */
		CE3BEA9E2AE2FC9500D4320E /* Build configuration list for PBXProject "ProjetoQRCode" */ = {
			isa = XCConfigurationList;
			buildConfigurations = (
				CE3BEAAF2AE2FC9600D4320E /* Debug */,
				CE3BEAB02AE2FC9600D4320E /* Release */,
			);
			defaultConfigurationIsVisible = 0;
			defaultConfigurationName = Release;
		};
		CE3BEAB12AE2FC9600D4320E /* Build configuration list for PBXNativeTarget "ProjetoQRCode" */ = {
			isa = XCConfigurationList;
			buildConfigurations = (
				CE3BEAB22AE2FC9600D4320E /* Debug */,
				CE3BEAB32AE2FC9600D4320E /* Release */,
			);
			defaultConfigurationIsVisible = 0;
			defaultConfigurationName = Release;
		};
/* End XCConfigurationList section */
	};
	rootObject = CE3BEA9B2AE2FC9500D4320E /* Project object */;
}
